# This file is autogenerated, do not edit; changes may be undone by the next 'dep ensure'.


[[projects]]
  branch = "master"
  digest = "1:f3793f8a708522400cef1dba23385e901aede5519f68971fd69938ef330b07a1"
  name = "github.com/alecthomas/template"
  packages = [
    ".",
    "parse",
  ]
  pruneopts = "NUT"
  revision = "fb15b899a75114aa79cc930e33c46b577cc664b1"

[[projects]]
  branch = "master"
  digest = "1:278f733beeec2d654fc7412dbfa2dff194245e13c720bef8d4e284e0e25708f5"
  name = "github.com/alecthomas/units"
  packages = ["."]
  pruneopts = "NUT"
  revision = "f65c72e2690dc4b403c8bd637baf4611cd4c069b"

[[projects]]
  branch = "master"
  digest = "1:9c94adb84080287919cda31447549e0ce8f8cc2067e19ce51537cf4572868d36"
  name = "github.com/andrew-d/go-termutil"
  packages = ["."]
  pruneopts = "NUT"
  revision = "009166a695a2f516c749a26b4ac1f183d89aa336"

[[projects]]
  digest = "1:22b2dee6f30bc8601f087449a2a819df8388e54e9547349c658f14d8f8c590f2"
  name = "gopkg.in/alecthomas/kingpin.v2"
  packages = ["."]
  pruneopts = "NUT"
  revision = "947dcec5ba9c011838740e680966fd7087a71d0d"
  version = "v2.2.6"

[[projects]]
  digest = "1:5eadf664153b1aa64131257fd949b5c8b81d28ce81b8735a053b274d9be59abf"
  name = "gopkg.in/ini.v1"
  packages = ["."]
  pruneopts = "NUT"
  revision = "1eb383f13cde0e7be091181a93b58574638129f0"
  version = "v1.49.0"

[solve-meta]
  analyzer-name = "dep"
  analyzer-version = 1
  input-imports = [
    "github.com/andrew-d/go-termutil",
    "gopkg.in/alecthomas/kingpin.v2",
    "gopkg.in/ini.v1",
  ]
  solver-name = "gps-cdcl"
  solver-version = 1
